// !$*UTF8*$!
{
	archiveVersion = 1;
	classes = {
	};
	objectVersion = 50;
	objects = {

/* Begin PBXBuildFile section */
		81D7023E225F48EC00AE9C73 /* AppDelegate.swift in Sources */ = {isa = PBXBuildFile; fileRef = 81D7023D225F48EC00AE9C73 /* AppDelegate.swift */; };
		81D70245225F48EE00AE9C73 /* Assets.xcassets in Resources */ = {isa = PBXBuildFile; fileRef = 81D70244225F48EE00AE9C73 /* Assets.xcassets */; };
		81D70248225F48EE00AE9C73 /* LaunchScreen.storyboard in Resources */ = {isa = PBXBuildFile; fileRef = 81D70246225F48EE00AE9C73 /* LaunchScreen.storyboard */; };
		81D70255225F4BFB00AE9C73 /* QuizViewController.swift in Sources */ = {isa = PBXBuildFile; fileRef = 81D70253225F4BFB00AE9C73 /* QuizViewController.swift */; };
		81D70256225F4BFB00AE9C73 /* QuizViewController.xib in Resources */ = {isa = PBXBuildFile; fileRef = 81D70254225F4BFB00AE9C73 /* QuizViewController.xib */; };
		81D70260225F517200AE9C73 /* Quiz.swift in Sources */ = {isa = PBXBuildFile; fileRef = 81D7025F225F517200AE9C73 /* Quiz.swift */; };
		81D70262225F51A000AE9C73 /* Question.swift in Sources */ = {isa = PBXBuildFile; fileRef = 81D70261225F51A000AE9C73 /* Question.swift */; };
		81D70264225F522200AE9C73 /* Category.swift in Sources */ = {isa = PBXBuildFile; fileRef = 81D70263225F522200AE9C73 /* Category.swift */; };
		81D70266225F591900AE9C73 /* QuizService.swift in Sources */ = {isa = PBXBuildFile; fileRef = 81D70265225F591900AE9C73 /* QuizService.swift */; };
		81D7026D225FC82800AE9C73 /* QuestionView.xib in Resources */ = {isa = PBXBuildFile; fileRef = 81D7026C225FC82800AE9C73 /* QuestionView.xib */; };
		81D70271225FCB7E00AE9C73 /* QuestionView.swift in Sources */ = {isa = PBXBuildFile; fileRef = 81D70270225FCB7E00AE9C73 /* QuestionView.swift */; };
		81F17D3D2291B6EB005B3D0A /* LoginViewController.swift in Sources */ = {isa = PBXBuildFile; fileRef = 81F17D3B2291B6EB005B3D0A /* LoginViewController.swift */; };
		81F17D3E2291B6EB005B3D0A /* LoginViewController.xib in Resources */ = {isa = PBXBuildFile; fileRef = 81F17D3C2291B6EB005B3D0A /* LoginViewController.xib */; };
		81F17D422291BD3A005B3D0A /* LoginService.swift in Sources */ = {isa = PBXBuildFile; fileRef = 81F17D412291BD3A005B3D0A /* LoginService.swift */; };
		81F17D452291C14E005B3D0A /* LoginUtils.swift in Sources */ = {isa = PBXBuildFile; fileRef = 81F17D442291C14E005B3D0A /* LoginUtils.swift */; };
		81F17D482291D4B0005B3D0A /* QuizzesTableViewController.swift in Sources */ = {isa = PBXBuildFile; fileRef = 81F17D462291D4B0005B3D0A /* QuizzesTableViewController.swift */; };
		81F17D492291D4B0005B3D0A /* QuizzesTableViewController.xib in Resources */ = {isa = PBXBuildFile; fileRef = 81F17D472291D4B0005B3D0A /* QuizzesTableViewController.xib */; };
		81F17D4C2291D6EA005B3D0A /* QuizzesViewModel.swift in Sources */ = {isa = PBXBuildFile; fileRef = 81F17D4B2291D6EA005B3D0A /* QuizzesViewModel.swift */; };
		81F17D4F2291D9D0005B3D0A /* QuizTableViewCell.swift in Sources */ = {isa = PBXBuildFile; fileRef = 81F17D4D2291D9D0005B3D0A /* QuizTableViewCell.swift */; };
		81F17D502291D9D0005B3D0A /* QuizTableViewCell.xib in Resources */ = {isa = PBXBuildFile; fileRef = 81F17D4E2291D9D0005B3D0A /* QuizTableViewCell.xib */; };
		81F17D522291E63C005B3D0A /* QuizzesTableSectionHeader.swift in Sources */ = {isa = PBXBuildFile; fileRef = 81F17D512291E63C005B3D0A /* QuizzesTableSectionHeader.swift */; };
		81F17D542291ECCD005B3D0A /* QuizViewModel.swift in Sources */ = {isa = PBXBuildFile; fileRef = 81F17D532291ECCD005B3D0A /* QuizViewModel.swift */; };
		81F17D56229203CF005B3D0A /* HttpStatusCode.swift in Sources */ = {isa = PBXBuildFile; fileRef = 81F17D55229203CF005B3D0A /* HttpStatusCode.swift */; };
/* End PBXBuildFile section */

/* Begin PBXFileReference section */
		81D7023A225F48EB00AE9C73 /* QuizApp.app */ = {isa = PBXFileReference; explicitFileType = wrapper.application; includeInIndex = 0; path = QuizApp.app; sourceTree = BUILT_PRODUCTS_DIR; };
		81D7023D225F48EC00AE9C73 /* AppDelegate.swift */ = {isa = PBXFileReference; lastKnownFileType = sourcecode.swift; path = AppDelegate.swift; sourceTree = "<group>"; };
		81D70244225F48EE00AE9C73 /* Assets.xcassets */ = {isa = PBXFileReference; lastKnownFileType = folder.assetcatalog; path = Assets.xcassets; sourceTree = "<group>"; };
		81D70247225F48EE00AE9C73 /* Base */ = {isa = PBXFileReference; lastKnownFileType = file.storyboard; name = Base; path = Base.lproj/LaunchScreen.storyboard; sourceTree = "<group>"; };
		81D70249225F48EE00AE9C73 /* Info.plist */ = {isa = PBXFileReference; lastKnownFileType = text.plist.xml; path = Info.plist; sourceTree = "<group>"; };
		81D70253225F4BFB00AE9C73 /* QuizViewController.swift */ = {isa = PBXFileReference; lastKnownFileType = sourcecode.swift; path = QuizViewController.swift; sourceTree = "<group>"; };
		81D70254225F4BFB00AE9C73 /* QuizViewController.xib */ = {isa = PBXFileReference; lastKnownFileType = file.xib; path = QuizViewController.xib; sourceTree = "<group>"; };
		81D7025F225F517200AE9C73 /* Quiz.swift */ = {isa = PBXFileReference; lastKnownFileType = sourcecode.swift; path = Quiz.swift; sourceTree = "<group>"; };
		81D70261225F51A000AE9C73 /* Question.swift */ = {isa = PBXFileReference; lastKnownFileType = sourcecode.swift; path = Question.swift; sourceTree = "<group>"; };
		81D70263225F522200AE9C73 /* Category.swift */ = {isa = PBXFileReference; lastKnownFileType = sourcecode.swift; path = Category.swift; sourceTree = "<group>"; };
		81D70265225F591900AE9C73 /* QuizService.swift */ = {isa = PBXFileReference; lastKnownFileType = sourcecode.swift; path = QuizService.swift; sourceTree = "<group>"; };
		81D7026C225FC82800AE9C73 /* QuestionView.xib */ = {isa = PBXFileReference; lastKnownFileType = file.xib; path = QuestionView.xib; sourceTree = "<group>"; };
		81D70270225FCB7E00AE9C73 /* QuestionView.swift */ = {isa = PBXFileReference; lastKnownFileType = sourcecode.swift; path = QuestionView.swift; sourceTree = "<group>"; };
		81F17D3B2291B6EB005B3D0A /* LoginViewController.swift */ = {isa = PBXFileReference; lastKnownFileType = sourcecode.swift; path = LoginViewController.swift; sourceTree = "<group>"; };
		81F17D3C2291B6EB005B3D0A /* LoginViewController.xib */ = {isa = PBXFileReference; lastKnownFileType = file.xib; path = LoginViewController.xib; sourceTree = "<group>"; };
		81F17D412291BD3A005B3D0A /* LoginService.swift */ = {isa = PBXFileReference; lastKnownFileType = sourcecode.swift; path = LoginService.swift; sourceTree = "<group>"; };
		81F17D442291C14E005B3D0A /* LoginUtils.swift */ = {isa = PBXFileReference; lastKnownFileType = sourcecode.swift; path = LoginUtils.swift; sourceTree = "<group>"; };
		81F17D462291D4B0005B3D0A /* QuizzesTableViewController.swift */ = {isa = PBXFileReference; lastKnownFileType = sourcecode.swift; path = QuizzesTableViewController.swift; sourceTree = "<group>"; };
		81F17D472291D4B0005B3D0A /* QuizzesTableViewController.xib */ = {isa = PBXFileReference; lastKnownFileType = file.xib; path = QuizzesTableViewController.xib; sourceTree = "<group>"; };
		81F17D4B2291D6EA005B3D0A /* QuizzesViewModel.swift */ = {isa = PBXFileReference; lastKnownFileType = sourcecode.swift; path = QuizzesViewModel.swift; sourceTree = "<group>"; };
		81F17D4D2291D9D0005B3D0A /* QuizTableViewCell.swift */ = {isa = PBXFileReference; lastKnownFileType = sourcecode.swift; path = QuizTableViewCell.swift; sourceTree = "<group>"; };
		81F17D4E2291D9D0005B3D0A /* QuizTableViewCell.xib */ = {isa = PBXFileReference; lastKnownFileType = file.xib; path = QuizTableViewCell.xib; sourceTree = "<group>"; };
		81F17D512291E63C005B3D0A /* QuizzesTableSectionHeader.swift */ = {isa = PBXFileReference; lastKnownFileType = sourcecode.swift; path = QuizzesTableSectionHeader.swift; sourceTree = "<group>"; };
		81F17D532291ECCD005B3D0A /* QuizViewModel.swift */ = {isa = PBXFileReference; lastKnownFileType = sourcecode.swift; path = QuizViewModel.swift; sourceTree = "<group>"; };
		81F17D55229203CF005B3D0A /* HttpStatusCode.swift */ = {isa = PBXFileReference; lastKnownFileType = sourcecode.swift; path = HttpStatusCode.swift; sourceTree = "<group>"; };
/* End PBXFileReference section */

/* Begin PBXFrameworksBuildPhase section */
		81D70237225F48EB00AE9C73 /* Frameworks */ = {
			isa = PBXFrameworksBuildPhase;
			buildActionMask = 2147483647;
			files = (
			);
			runOnlyForDeploymentPostprocessing = 0;
		};
/* End PBXFrameworksBuildPhase section */

/* Begin PBXGroup section */
		81D70231225F48EB00AE9C73 = {
			isa = PBXGroup;
			children = (
				81D7023C225F48EB00AE9C73 /* QuizApp */,
				81D7023B225F48EB00AE9C73 /* Products */,
			);
			sourceTree = "<group>";
		};
		81D7023B225F48EB00AE9C73 /* Products */ = {
			isa = PBXGroup;
			children = (
				81D7023A225F48EB00AE9C73 /* QuizApp.app */,
			);
			name = Products;
			sourceTree = "<group>";
		};
		81D7023C225F48EB00AE9C73 /* QuizApp */ = {
			isa = PBXGroup;
			children = (
				81F17D4A2291D6D9005B3D0A /* ViewModels */,
				81F17D432291C13A005B3D0A /* Utils */,
				81D70252225F4B6400AE9C73 /* Services */,
				81D70251225F4B5D00AE9C73 /* Views */,
				81D70250225F4B5800AE9C73 /* Models */,
				81D7024F225F4B4400AE9C73 /* Controllers */,
				81D7023D225F48EC00AE9C73 /* AppDelegate.swift */,
				81D70244225F48EE00AE9C73 /* Assets.xcassets */,
				81D70246225F48EE00AE9C73 /* LaunchScreen.storyboard */,
				81D70249225F48EE00AE9C73 /* Info.plist */,
			);
			path = QuizApp;
			sourceTree = "<group>";
		};
		81D7024F225F4B4400AE9C73 /* Controllers */ = {
			isa = PBXGroup;
			children = (
				81D70253225F4BFB00AE9C73 /* QuizViewController.swift */,
				81D70254225F4BFB00AE9C73 /* QuizViewController.xib */,
				81F17D3B2291B6EB005B3D0A /* LoginViewController.swift */,
				81F17D3C2291B6EB005B3D0A /* LoginViewController.xib */,
				81F17D462291D4B0005B3D0A /* QuizzesTableViewController.swift */,
				81F17D472291D4B0005B3D0A /* QuizzesTableViewController.xib */,
			);
			path = Controllers;
			sourceTree = "<group>";
		};
		81D70250225F4B5800AE9C73 /* Models */ = {
			isa = PBXGroup;
			children = (
				81D7025F225F517200AE9C73 /* Quiz.swift */,
				81D70261225F51A000AE9C73 /* Question.swift */,
				81D70263225F522200AE9C73 /* Category.swift */,
			);
			path = Models;
			sourceTree = "<group>";
		};
		81D70251225F4B5D00AE9C73 /* Views */ = {
			isa = PBXGroup;
			children = (
				81D7026C225FC82800AE9C73 /* QuestionView.xib */,
				81D70270225FCB7E00AE9C73 /* QuestionView.swift */,
				81F17D4D2291D9D0005B3D0A /* QuizTableViewCell.swift */,
				81F17D4E2291D9D0005B3D0A /* QuizTableViewCell.xib */,
				81F17D512291E63C005B3D0A /* QuizzesTableSectionHeader.swift */,
			);
			path = Views;
			sourceTree = "<group>";
		};
		81D70252225F4B6400AE9C73 /* Services */ = {
			isa = PBXGroup;
			children = (
				81D70265225F591900AE9C73 /* QuizService.swift */,
				81F17D412291BD3A005B3D0A /* LoginService.swift */,
				81F17D55229203CF005B3D0A /* HttpStatusCode.swift */,
			);
			path = Services;
			sourceTree = "<group>";
		};
		81F17D432291C13A005B3D0A /* Utils */ = {
			isa = PBXGroup;
			children = (
				81F17D442291C14E005B3D0A /* LoginUtils.swift */,
			);
			path = Utils;
			sourceTree = "<group>";
		};
		81F17D4A2291D6D9005B3D0A /* ViewModels */ = {
			isa = PBXGroup;
			children = (
				81F17D4B2291D6EA005B3D0A /* QuizzesViewModel.swift */,
				81F17D532291ECCD005B3D0A /* QuizViewModel.swift */,
			);
			path = ViewModels;
			sourceTree = "<group>";
		};
/* End PBXGroup section */

/* Begin PBXNativeTarget section */
		81D70239225F48EB00AE9C73 /* QuizApp */ = {
			isa = PBXNativeTarget;
			buildConfigurationList = 81D7024C225F48EE00AE9C73 /* Build configuration list for PBXNativeTarget "QuizApp" */;
			buildPhases = (
				81D70236225F48EB00AE9C73 /* Sources */,
				81D70237225F48EB00AE9C73 /* Frameworks */,
				81D70238225F48EB00AE9C73 /* Resources */,
			);
			buildRules = (
			);
			dependencies = (
			);
			name = QuizApp;
			productName = QuizApp;
			productReference = 81D7023A225F48EB00AE9C73 /* QuizApp.app */;
			productType = "com.apple.product-type.application";
		};
/* End PBXNativeTarget section */

/* Begin PBXProject section */
		81D70232225F48EB00AE9C73 /* Project object */ = {
			isa = PBXProject;
			attributes = {
				LastSwiftUpdateCheck = 1010;
				LastUpgradeCheck = 1010;
				TargetAttributes = {
					81D70239225F48EB00AE9C73 = {
						CreatedOnToolsVersion = 10.1;
					};
				};
			};
			buildConfigurationList = 81D70235225F48EB00AE9C73 /* Build configuration list for PBXProject "QuizApp" */;
			compatibilityVersion = "Xcode 9.3";
			developmentRegion = en;
			hasScannedForEncodings = 0;
			knownRegions = (
				en,
				Base,
			);
			mainGroup = 81D70231225F48EB00AE9C73;
			productRefGroup = 81D7023B225F48EB00AE9C73 /* Products */;
			projectDirPath = "";
			projectRoot = "";
			targets = (
				81D70239225F48EB00AE9C73 /* QuizApp */,
			);
		};
/* End PBXProject section */

/* Begin PBXResourcesBuildPhase section */
		81D70238225F48EB00AE9C73 /* Resources */ = {
			isa = PBXResourcesBuildPhase;
			buildActionMask = 2147483647;
			files = (
				81F17D3E2291B6EB005B3D0A /* LoginViewController.xib in Resources */,
				81D7026D225FC82800AE9C73 /* QuestionView.xib in Resources */,
				81F17D502291D9D0005B3D0A /* QuizTableViewCell.xib in Resources */,
				81D70248225F48EE00AE9C73 /* LaunchScreen.storyboard in Resources */,
				81D70245225F48EE00AE9C73 /* Assets.xcassets in Resources */,
				81D70256225F4BFB00AE9C73 /* QuizViewController.xib in Resources */,
				81F17D492291D4B0005B3D0A /* QuizzesTableViewController.xib in Resources */,
			);
			runOnlyForDeploymentPostprocessing = 0;
		};
/* End PBXResourcesBuildPhase section */

/* Begin PBXSourcesBuildPhase section */
		81D70236225F48EB00AE9C73 /* Sources */ = {
			isa = PBXSourcesBuildPhase;
			buildActionMask = 2147483647;
			files = (
				81D70271225FCB7E00AE9C73 /* QuestionView.swift in Sources */,
				81D70262225F51A000AE9C73 /* Question.swift in Sources */,
				81D70266225F591900AE9C73 /* QuizService.swift in Sources */,
				81F17D542291ECCD005B3D0A /* QuizViewModel.swift in Sources */,
				81F17D452291C14E005B3D0A /* LoginUtils.swift in Sources */,
				81F17D4C2291D6EA005B3D0A /* QuizzesViewModel.swift in Sources */,
				81F17D522291E63C005B3D0A /* QuizzesTableSectionHeader.swift in Sources */,
				81F17D482291D4B0005B3D0A /* QuizzesTableViewController.swift in Sources */,
				81D7023E225F48EC00AE9C73 /* AppDelegate.swift in Sources */,
				81F17D422291BD3A005B3D0A /* LoginService.swift in Sources */,
				81F17D3D2291B6EB005B3D0A /* LoginViewController.swift in Sources */,
				81D70260225F517200AE9C73 /* Quiz.swift in Sources */,
				81F17D4F2291D9D0005B3D0A /* QuizTableViewCell.swift in Sources */,
				81D70255225F4BFB00AE9C73 /* QuizViewController.swift in Sources */,
				81F17D56229203CF005B3D0A /* HttpStatusCode.swift in Sources */,
				81D70264225F522200AE9C73 /* Category.swift in Sources */,
			);
			runOnlyForDeploymentPostprocessing = 0;
		};
/* End PBXSourcesBuildPhase section */

/* Begin PBXVariantGroup section */
		81D70246225F48EE00AE9C73 /* LaunchScreen.storyboard */ = {
			isa = PBXVariantGroup;
			children = (
				81D70247225F48EE00AE9C73 /* Base */,
			);
			name = LaunchScreen.storyboard;
			sourceTree = "<group>";
		};
/* End PBXVariantGroup section */

/* Begin XCBuildConfiguration section */
		81D7024A225F48EE00AE9C73 /* Debug */ = {
			isa = XCBuildConfiguration;
			buildSettings = {
				ALWAYS_SEARCH_USER_PATHS = NO;
				CLANG_ANALYZER_NONNULL = YES;
				CLANG_ANALYZER_NUMBER_OBJECT_CONVERSION = YES_AGGRESSIVE;
				CLANG_CXX_LANGUAGE_STANDARD = "gnu++14";
				CLANG_CXX_LIBRARY = "libc++";
				CLANG_ENABLE_MODULES = YES;
				CLANG_ENABLE_OBJC_ARC = YES;
				CLANG_ENABLE_OBJC_WEAK = YES;
				CLANG_WARN_BLOCK_CAPTURE_AUTORELEASING = YES;
				CLANG_WARN_BOOL_CONVERSION = YES;
				CLANG_WARN_COMMA = YES;
				CLANG_WARN_CONSTANT_CONVERSION = YES;
				CLANG_WARN_DEPRECATED_OBJC_IMPLEMENTATIONS = YES;
				CLANG_WARN_DIRECT_OBJC_ISA_USAGE = YES_ERROR;
				CLANG_WARN_DOCUMENTATION_COMMENTS = YES;
				CLANG_WARN_EMPTY_BODY = YES;
				CLANG_WARN_ENUM_CONVERSION = YES;
				CLANG_WARN_INFINITE_RECURSION = YES;
				CLANG_WARN_INT_CONVERSION = YES;
				CLANG_WARN_NON_LITERAL_NULL_CONVERSION = YES;
				CLANG_WARN_OBJC_IMPLICIT_RETAIN_SELF = YES;
				CLANG_WARN_OBJC_LITERAL_CONVERSION = YES;
				CLANG_WARN_OBJC_ROOT_CLASS = YES_ERROR;
				CLANG_WARN_RANGE_LOOP_ANALYSIS = YES;
				CLANG_WARN_STRICT_PROTOTYPES = YES;
				CLANG_WARN_SUSPICIOUS_MOVE = YES;
				CLANG_WARN_UNGUARDED_AVAILABILITY = YES_AGGRESSIVE;
				CLANG_WARN_UNREACHABLE_CODE = YES;
				CLANG_WARN__DUPLICATE_METHOD_MATCH = YES;
				CODE_SIGN_IDENTITY = "iPhone Developer";
				COPY_PHASE_STRIP = NO;
				DEBUG_INFORMATION_FORMAT = dwarf;
				ENABLE_STRICT_OBJC_MSGSEND = YES;
				ENABLE_TESTABILITY = YES;
				GCC_C_LANGUAGE_STANDARD = gnu11;
				GCC_DYNAMIC_NO_PIC = NO;
				GCC_NO_COMMON_BLOCKS = YES;
				GCC_OPTIMIZATION_LEVEL = 0;
				GCC_PREPROCESSOR_DEFINITIONS = (
					"DEBUG=1",
					"$(inherited)",
				);
				GCC_WARN_64_TO_32_BIT_CONVERSION = YES;
				GCC_WARN_ABOUT_RETURN_TYPE = YES_ERROR;
				GCC_WARN_UNDECLARED_SELECTOR = YES;
				GCC_WARN_UNINITIALIZED_AUTOS = YES_AGGRESSIVE;
				GCC_WARN_UNUSED_FUNCTION = YES;
				GCC_WARN_UNUSED_VARIABLE = YES;
				IPHONEOS_DEPLOYMENT_TARGET = 12.1;
				MTL_ENABLE_DEBUG_INFO = INCLUDE_SOURCE;
				MTL_FAST_MATH = YES;
				ONLY_ACTIVE_ARCH = YES;
				SDKROOT = iphoneos;
				SWIFT_ACTIVE_COMPILATION_CONDITIONS = DEBUG;
				SWIFT_OPTIMIZATION_LEVEL = "-Onone";
			};
			name = Debug;
		};
		81D7024B225F48EE00AE9C73 /* Release */ = {
			isa = XCBuildConfiguration;
			buildSettings = {
				ALWAYS_SEARCH_USER_PATHS = NO;
				CLANG_ANALYZER_NONNULL = YES;
				CLANG_ANALYZER_NUMBER_OBJECT_CONVERSION = YES_AGGRESSIVE;
				CLANG_CXX_LANGUAGE_STANDARD = "gnu++14";
				CLANG_CXX_LIBRARY = "libc++";
				CLANG_ENABLE_MODULES = YES;
				CLANG_ENABLE_OBJC_ARC = YES;
				CLANG_ENABLE_OBJC_WEAK = YES;
				CLANG_WARN_BLOCK_CAPTURE_AUTORELEASING = YES;
				CLANG_WARN_BOOL_CONVERSION = YES;
				CLANG_WARN_COMMA = YES;
				CLANG_WARN_CONSTANT_CONVERSION = YES;
				CLANG_WARN_DEPRECATED_OBJC_IMPLEMENTATIONS = YES;
				CLANG_WARN_DIRECT_OBJC_ISA_USAGE = YES_ERROR;
				CLANG_WARN_DOCUMENTATION_COMMENTS = YES;
				CLANG_WARN_EMPTY_BODY = YES;
				CLANG_WARN_ENUM_CONVERSION = YES;
				CLANG_WARN_INFINITE_RECURSION = YES;
				CLANG_WARN_INT_CONVERSION = YES;
				CLANG_WARN_NON_LITERAL_NULL_CONVERSION = YES;
				CLANG_WARN_OBJC_IMPLICIT_RETAIN_SELF = YES;
				CLANG_WARN_OBJC_LITERAL_CONVERSION = YES;
				CLANG_WARN_OBJC_ROOT_CLASS = YES_ERROR;
				CLANG_WARN_RANGE_LOOP_ANALYSIS = YES;
				CLANG_WARN_STRICT_PROTOTYPES = YES;
				CLANG_WARN_SUSPICIOUS_MOVE = YES;
				CLANG_WARN_UNGUARDED_AVAILABILITY = YES_AGGRESSIVE;
				CLANG_WARN_UNREACHABLE_CODE = YES;
				CLANG_WARN__DUPLICATE_METHOD_MATCH = YES;
				CODE_SIGN_IDENTITY = "iPhone Developer";
				COPY_PHASE_STRIP = NO;
				DEBUG_INFORMATION_FORMAT = "dwarf-with-dsym";
				ENABLE_NS_ASSERTIONS = NO;
				ENABLE_STRICT_OBJC_MSGSEND = YES;
				GCC_C_LANGUAGE_STANDARD = gnu11;
				GCC_NO_COMMON_BLOCKS = YES;
				GCC_WARN_64_TO_32_BIT_CONVERSION = YES;
				GCC_WARN_ABOUT_RETURN_TYPE = YES_ERROR;
				GCC_WARN_UNDECLARED_SELECTOR = YES;
				GCC_WARN_UNINITIALIZED_AUTOS = YES_AGGRESSIVE;
				GCC_WARN_UNUSED_FUNCTION = YES;
				GCC_WARN_UNUSED_VARIABLE = YES;
				IPHONEOS_DEPLOYMENT_TARGET = 12.1;
				MTL_ENABLE_DEBUG_INFO = NO;
				MTL_FAST_MATH = YES;
				SDKROOT = iphoneos;
				SWIFT_COMPILATION_MODE = wholemodule;
				SWIFT_OPTIMIZATION_LEVEL = "-O";
				VALIDATE_PRODUCT = YES;
			};
			name = Release;
		};
		81D7024D225F48EE00AE9C73 /* Debug */ = {
			isa = XCBuildConfiguration;
			buildSettings = {
				ASSETCATALOG_COMPILER_APPICON_NAME = AppIcon;
				CODE_SIGN_STYLE = Automatic;
				INFOPLIST_FILE = QuizApp/Info.plist;
				LD_RUNPATH_SEARCH_PATHS = (
					"$(inherited)",
					"@executable_path/Frameworks",
				);
				PRODUCT_BUNDLE_IDENTIFIER = hr.fer.ruazosi.QuizApp;
				PRODUCT_NAME = "$(TARGET_NAME)";
				SWIFT_VERSION = 4.2;
				TARGETED_DEVICE_FAMILY = "1,2";
			};
			name = Debug;
		};
		81D7024E225F48EE00AE9C73 /* Release */ = {
			isa = XCBuildConfiguration;
			buildSettings = {
				ASSETCATALOG_COMPILER_APPICON_NAME = AppIcon;
				CODE_SIGN_STYLE = Automatic;
				INFOPLIST_FILE = QuizApp/Info.plist;
				LD_RUNPATH_SEARCH_PATHS = (
					"$(inherited)",
					"@executable_path/Frameworks",
				);
				PRODUCT_BUNDLE_IDENTIFIER = hr.fer.ruazosi.QuizApp;
				PRODUCT_NAME = "$(TARGET_NAME)";
				SWIFT_VERSION = 4.2;
				TARGETED_DEVICE_FAMILY = "1,2";
			};
			name = Release;
		};
/* End XCBuildConfiguration section */

/* Begin XCConfigurationList section */
		81D70235225F48EB00AE9C73 /* Build configuration list for PBXProject "QuizApp" */ = {
			isa = XCConfigurationList;
			buildConfigurations = (
				81D7024A225F48EE00AE9C73 /* Debug */,
				81D7024B225F48EE00AE9C73 /* Release */,
			);
			defaultConfigurationIsVisible = 0;
			defaultConfigurationName = Release;
		};
		81D7024C225F48EE00AE9C73 /* Build configuration list for PBXNativeTarget "QuizApp" */ = {
			isa = XCConfigurationList;
			buildConfigurations = (
				81D7024D225F48EE00AE9C73 /* Debug */,
				81D7024E225F48EE00AE9C73 /* Release */,
			);
			defaultConfigurationIsVisible = 0;
			defaultConfigurationName = Release;
		};
/* End XCConfigurationList section */
	};
	rootObject = 81D70232225F48EB00AE9C73 /* Project object */;
}
